
Microsoft Visual Studio Solution File, Format Version 12.00
# Visual Studio Version 16
VisualStudioVersion = 16.0.31702.278
MinimumVisualStudioVersion = 10.0.40219.1
Project("{9A19103F-16F7-4668-BE54-9A1E7A4F7556}") = "Shopbridge.API", "Shopbridge.API\Shopbridge.API.csproj", "{A784DBE3-DF2A-4441-A2F6-270919BF3827}"
EndProject
Project("{9A19103F-16F7-4668-BE54-9A1E7A4F7556}") = "Shopbridge.Web", "Shopbridge.Web\Shopbridge.Web.csproj", "{7F71BE45-D996-4493-BB0C-82211912141F}"
EndProject
Project("{9A19103F-16F7-4668-BE54-9A1E7A4F7556}") = "Shopbridge.Tests", "Shopbridge.Tests\Shopbridge.Tests.csproj", "{B7FD89B3-78A5-4D0B-84BE-FE053D888885}"
EndProject
Global
	GlobalSection(SolutionConfigurationPlatforms) = preSolution
		Debug|Any CPU = Debug|Any CPU
		Release|Any CPU = Release|Any CPU
	EndGlobalSection
	GlobalSection(ProjectConfigurationPlatforms) = postSolution
		{A784DBE3-DF2A-4441-A2F6-270919BF3827}.Debug|Any CPU.ActiveCfg = Debug|Any CPU
		{A784DBE3-DF2A-4441-A2F6-270919BF3827}.Debug|Any CPU.Build.0 = Debug|Any CPU
		{A784DBE3-DF2A-4441-A2F6-270919BF3827}.Release|Any CPU.ActiveCfg = Release|Any CPU
		{A784DBE3-DF2A-4441-A2F6-270919BF3827}.Release|Any CPU.Build.0 = Release|Any CPU
		{7F71BE45-D996-4493-BB0C-82211912141F}.Debug|Any CPU.ActiveCfg = Debug|Any CPU
		{7F71BE45-D996-4493-BB0C-82211912141F}.Debug|Any CPU.Build.0 = Debug|Any CPU
		{7F71BE45-D996-4493-BB0C-82211912141F}.Release|Any CPU.ActiveCfg = Release|Any CPU
		{7F71BE45-D996-4493-BB0C-82211912141F}.Release|Any CPU.Build.0 = Release|Any CPU
		{B7FD89B3-78A5-4D0B-84BE-FE053D888885}.Debug|Any CPU.ActiveCfg = Debug|Any CPU
		{B7FD89B3-78A5-4D0B-84BE-FE053D888885}.Debug|Any CPU.Build.0 = Debug|Any CPU
		{B7FD89B3-78A5-4D0B-84BE-FE053D888885}.Release|Any CPU.ActiveCfg = Release|Any CPU
		{B7FD89B3-78A5-4D0B-84BE-FE053D888885}.Release|Any CPU.Build.0 = Release|Any CPU
	EndGlobalSection
	GlobalSection(SolutionProperties) = preSolution
		HideSolutionNode = FALSE
	EndGlobalSection
	GlobalSection(ExtensibilityGlobals) = postSolution
		SolutionGuid = {120D0154-BD14-431A-A96B-F89BE703110F}
	EndGlobalSection
EndGlobal
